
Microsoft Visual Studio Solution File, Format Version 12.00
# Visual Studio 15
VisualStudioVersion = 15.0.28010.2046
MinimumVisualStudioVersion = 10.0.40219.1
Project("{8BC9CEB8-8B4A-11D0-8D11-00A0C91BC942}") = "TomliAI", "TomliAI.vcxproj", "{5F505F12-ABD5-4941-A6DA-4BA4FABB38D0}"
EndProject
Project("{54435603-DBB4-11D2-8724-00A0C9A8B90C}") = "Setup", "..\Setup\Setup.vdproj", "{64BE79C1-1B1E-4C67-B0FE-7B872AC410C8}"
EndProject
Global
	GlobalSection(SolutionConfigurationPlatforms) = preSolution
		Debug|x64 = Debug|x64
		Debug|x86 = Debug|x86
		Release|x64 = Release|x64
		Release|x86 = Release|x86
	EndGlobalSection
	GlobalSection(ProjectConfigurationPlatforms) = postSolution
		{5F505F12-ABD5-4941-A6DA-4BA4FABB38D0}.Debug|x64.ActiveCfg = Debug|x64
		{5F505F12-ABD5-4941-A6DA-4BA4FABB38D0}.Debug|x64.Build.0 = Debug|x64
		{5F505F12-ABD5-4941-A6DA-4BA4FABB38D0}.Debug|x86.ActiveCfg = Debug|Win32
		{5F505F12-ABD5-4941-A6DA-4BA4FABB38D0}.Debug|x86.Build.0 = Debug|Win32
		{5F505F12-ABD5-4941-A6DA-4BA4FABB38D0}.Release|x64.ActiveCfg = Release|x64
		{5F505F12-ABD5-4941-A6DA-4BA4FABB38D0}.Release|x64.Build.0 = Release|x64
		{5F505F12-ABD5-4941-A6DA-4BA4FABB38D0}.Release|x86.ActiveCfg = Debug|Win32
		{5F505F12-ABD5-4941-A6DA-4BA4FABB38D0}.Release|x86.Build.0 = Debug|Win32
		{64BE79C1-1B1E-4C67-B0FE-7B872AC410C8}.Debug|x64.ActiveCfg = Debug
		{64BE79C1-1B1E-4C67-B0FE-7B872AC410C8}.Debug|x86.ActiveCfg = Debug
		{64BE79C1-1B1E-4C67-B0FE-7B872AC410C8}.Release|x64.ActiveCfg = Release
		{64BE79C1-1B1E-4C67-B0FE-7B872AC410C8}.Release|x86.ActiveCfg = Release
		{64BE79C1-1B1E-4C67-B0FE-7B872AC410C8}.Release|x86.Build.0 = Release
	EndGlobalSection
	GlobalSection(SolutionProperties) = preSolution
		HideSolutionNode = FALSE
	EndGlobalSection
	GlobalSection(ExtensibilityGlobals) = postSolution
		SolutionGuid = {E9D87782-ED77-4962-9DE5-5BE294AF8442}
	EndGlobalSection
EndGlobal
